
Microsoft Visual Studio Solution File, Format Version 12.00
# Visual Studio Version 17
VisualStudioVersion = 17.2.32616.157
MinimumVisualStudioVersion = 10.0.40219.1
Project("{FAE04EC0-301F-11D3-BF4B-00C04F79EFBC}") = "Experiment 1", "Experiment 1\Experiment 1.csproj", "{2CA34B5F-AFE0-4703-BDF3-F71F36D65E9A}"
EndProject
Global
	GlobalSection(SolutionConfigurationPlatforms) = preSolution
		Debug|Any CPU = Debug|Any CPU
		Release|Any CPU = Release|Any CPU
	EndGlobalSection
	GlobalSection(ProjectConfigurationPlatforms) = postSolution
		{2CA34B5F-AFE0-4703-BDF3-F71F36D65E9A}.Debug|Any CPU.ActiveCfg = Debug|Any CPU
		{2CA34B5F-AFE0-4703-BDF3-F71F36D65E9A}.Debug|Any CPU.Build.0 = Debug|Any CPU
		{2CA34B5F-AFE0-4703-BDF3-F71F36D65E9A}.Release|Any CPU.ActiveCfg = Release|Any CPU
		{2CA34B5F-AFE0-4703-BDF3-F71F36D65E9A}.Release|Any CPU.Build.0 = Release|Any CPU
	EndGlobalSection
	GlobalSection(SolutionProperties) = preSolution
		HideSolutionNode = FALSE
	EndGlobalSection
	GlobalSection(ExtensibilityGlobals) = postSolution
		SolutionGuid = {165F3F99-6D43-4260-B7CF-E13690F92C37}
	EndGlobalSection
EndGlobal
